
Microsoft Visual Studio Solution File, Format Version 12.00
# Visual Studio Version 16
VisualStudioVersion = 16.0.31729.503
MinimumVisualStudioVersion = 10.0.40219.1
Project("{FAE04EC0-301F-11D3-BF4B-00C04F79EFBC}") = "section5", "section5\section5.csproj", "{F2EDDFCB-C8E7-4144-9E28-EDA8C954F9DA}"
EndProject
Global
	GlobalSection(SolutionConfigurationPlatforms) = preSolution
		Debug|Any CPU = Debug|Any CPU
		Release|Any CPU = Release|Any CPU
	EndGlobalSection
	GlobalSection(ProjectConfigurationPlatforms) = postSolution
		{F2EDDFCB-C8E7-4144-9E28-EDA8C954F9DA}.Debug|Any CPU.ActiveCfg = Debug|Any CPU
		{F2EDDFCB-C8E7-4144-9E28-EDA8C954F9DA}.Debug|Any CPU.Build.0 = Debug|Any CPU
		{F2EDDFCB-C8E7-4144-9E28-EDA8C954F9DA}.Release|Any CPU.ActiveCfg = Release|Any CPU
		{F2EDDFCB-C8E7-4144-9E28-EDA8C954F9DA}.Release|Any CPU.Build.0 = Release|Any CPU
	EndGlobalSection
	GlobalSection(SolutionProperties) = preSolution
		HideSolutionNode = FALSE
	EndGlobalSection
	GlobalSection(ExtensibilityGlobals) = postSolution
		SolutionGuid = {BCDADCFE-341D-4923-8344-2D66520A1B0B}
	EndGlobalSection
EndGlobal
